
Microsoft Visual Studio Solution File, Format Version 12.00
# Visual Studio Version 17
VisualStudioVersion = 17.9.34723.18
MinimumVisualStudioVersion = 10.0.40219.1
Project("{FAE04EC0-301F-11D3-BF4B-00C04F79EFBC}") = "MeroSathi.com", "MeroSathi.com.csproj", "{CC6D535A-B249-4772-BF99-51D0132C19CE}"
EndProject
Global
	GlobalSection(SolutionConfigurationPlatforms) = preSolution
		Debug|Any CPU = Debug|Any CPU
		Release|Any CPU = Release|Any CPU
	EndGlobalSection
	GlobalSection(ProjectConfigurationPlatforms) = postSolution
		{CC6D535A-B249-4772-BF99-51D0132C19CE}.Debug|Any CPU.ActiveCfg = Debug|Any CPU
		{CC6D535A-B249-4772-BF99-51D0132C19CE}.Debug|Any CPU.Build.0 = Debug|Any CPU
		{CC6D535A-B249-4772-BF99-51D0132C19CE}.Release|Any CPU.ActiveCfg = Release|Any CPU
		{CC6D535A-B249-4772-BF99-51D0132C19CE}.Release|Any CPU.Build.0 = Release|Any CPU
	EndGlobalSection
	GlobalSection(SolutionProperties) = preSolution
		HideSolutionNode = FALSE
	EndGlobalSection
	GlobalSection(ExtensibilityGlobals) = postSolution
		SolutionGuid = {49D7EC9E-131E-469C-B365-26B473A6FE86}
	EndGlobalSection
EndGlobal
